
Microsoft Visual Studio Solution File, Format Version 12.00
# Visual Studio Version 17
VisualStudioVersion = 17.2.32519.379
MinimumVisualStudioVersion = 10.0.40219.1
Project("{FAE04EC0-301F-11D3-BF4B-00C04F79EFBC}") = "HW07", "HW07\HW07.csproj", "{8D193650-5FF8-4FF2-BF8A-18BDE730A885}"
EndProject
Global
	GlobalSection(SolutionConfigurationPlatforms) = preSolution
		Debug|Any CPU = Debug|Any CPU
		Release|Any CPU = Release|Any CPU
	EndGlobalSection
	GlobalSection(ProjectConfigurationPlatforms) = postSolution
		{8D193650-5FF8-4FF2-BF8A-18BDE730A885}.Debug|Any CPU.ActiveCfg = Debug|Any CPU
		{8D193650-5FF8-4FF2-BF8A-18BDE730A885}.Debug|Any CPU.Build.0 = Debug|Any CPU
		{8D193650-5FF8-4FF2-BF8A-18BDE730A885}.Release|Any CPU.ActiveCfg = Release|Any CPU
		{8D193650-5FF8-4FF2-BF8A-18BDE730A885}.Release|Any CPU.Build.0 = Release|Any CPU
	EndGlobalSection
	GlobalSection(SolutionProperties) = preSolution
		HideSolutionNode = FALSE
	EndGlobalSection
	GlobalSection(ExtensibilityGlobals) = postSolution
		SolutionGuid = {85C781D5-1E22-459B-9B0D-3FB21435268B}
	EndGlobalSection
EndGlobal
