
Microsoft Visual Studio Solution File, Format Version 12.00
# Visual Studio Version 17
VisualStudioVersion = 17.1.32421.90
MinimumVisualStudioVersion = 10.0.40219.1
Project("{FAE04EC0-301F-11D3-BF4B-00C04F79EFBC}") = "HW01", "HW01\HW01.csproj", "{4EA66FF2-18B6-4D3E-A130-09DB12855240}"
EndProject
Global
	GlobalSection(SolutionConfigurationPlatforms) = preSolution
		Debug|Any CPU = Debug|Any CPU
		Release|Any CPU = Release|Any CPU
	EndGlobalSection
	GlobalSection(ProjectConfigurationPlatforms) = postSolution
		{4EA66FF2-18B6-4D3E-A130-09DB12855240}.Debug|Any CPU.ActiveCfg = Debug|Any CPU
		{4EA66FF2-18B6-4D3E-A130-09DB12855240}.Debug|Any CPU.Build.0 = Debug|Any CPU
		{4EA66FF2-18B6-4D3E-A130-09DB12855240}.Release|Any CPU.ActiveCfg = Release|Any CPU
		{4EA66FF2-18B6-4D3E-A130-09DB12855240}.Release|Any CPU.Build.0 = Release|Any CPU
	EndGlobalSection
	GlobalSection(SolutionProperties) = preSolution
		HideSolutionNode = FALSE
	EndGlobalSection
	GlobalSection(ExtensibilityGlobals) = postSolution
		SolutionGuid = {04471003-D887-403C-BB3B-C790009EBE70}
	EndGlobalSection
EndGlobal
